// !$*UTF8*$!
{
	archiveVersion = 1;
	classes = {
	};
	objectVersion = 50;
	objects = {

/* Begin PBXBuildFile section */
		9009DEC825EC98D2002DCE37 /* URLSessionManager.swift in Sources */ = {isa = PBXBuildFile; fileRef = 9009DEC725EC98D2002DCE37 /* URLSessionManager.swift */; };
		900AE1B7259783BE002FF546 /* AppDelegate.swift in Sources */ = {isa = PBXBuildFile; fileRef = 900AE1B6259783BE002FF546 /* AppDelegate.swift */; };
		900AE1B9259783BE002FF546 /* SceneDelegate.swift in Sources */ = {isa = PBXBuildFile; fileRef = 900AE1B8259783BE002FF546 /* SceneDelegate.swift */; };
		900AE1C0259783BE002FF546 /* Assets.xcassets in Resources */ = {isa = PBXBuildFile; fileRef = 900AE1BF259783BE002FF546 /* Assets.xcassets */; };
		900AE1C3259783BE002FF546 /* LaunchScreen.storyboard in Resources */ = {isa = PBXBuildFile; fileRef = 900AE1C1259783BE002FF546 /* LaunchScreen.storyboard */; };
		900AE1F9259783E4002FF546 /* HttpSession.framework in Frameworks */ = {isa = PBXBuildFile; fileRef = 900AE1F0259783E4002FF546 /* HttpSession.framework */; };
		900AE202259783E4002FF546 /* HttpSession.h in Headers */ = {isa = PBXBuildFile; fileRef = 900AE1F2259783E4002FF546 /* HttpSession.h */; settings = {ATTRIBUTES = (Public, ); }; };
		900AE205259783E4002FF546 /* HttpSession.framework in Frameworks */ = {isa = PBXBuildFile; fileRef = 900AE1F0259783E4002FF546 /* HttpSession.framework */; };
		900AE206259783E4002FF546 /* HttpSession.framework in Embed Frameworks */ = {isa = PBXBuildFile; fileRef = 900AE1F0259783E4002FF546 /* HttpSession.framework */; settings = {ATTRIBUTES = (CodeSignOnCopy, RemoveHeadersOnCopy, ); }; };
		900AE218259783FC002FF546 /* HttpHeader.swift in Sources */ = {isa = PBXBuildFile; fileRef = 900AE211259783FC002FF546 /* HttpHeader.swift */; };
		900AE219259783FC002FF546 /* Auth.swift in Sources */ = {isa = PBXBuildFile; fileRef = 900AE212259783FC002FF546 /* Auth.swift */; };
		900AE21A259783FC002FF546 /* Cookie.swift in Sources */ = {isa = PBXBuildFile; fileRef = 900AE213259783FC002FF546 /* Cookie.swift */; };
		900AE21B259783FC002FF546 /* Http.swift in Sources */ = {isa = PBXBuildFile; fileRef = 900AE214259783FC002FF546 /* Http.swift */; };
		900AE21C259783FC002FF546 /* ApiProtocol.swift in Sources */ = {isa = PBXBuildFile; fileRef = 900AE215259783FC002FF546 /* ApiProtocol.swift */; };
		900AE21D259783FC002FF546 /* URI.swift in Sources */ = {isa = PBXBuildFile; fileRef = 900AE217259783FC002FF546 /* URI.swift */; };
		900AE22425978408002FF546 /* Multipart.swift in Sources */ = {isa = PBXBuildFile; fileRef = 900AE22225978408002FF546 /* Multipart.swift */; };
		900AE22525978408002FF546 /* Request.swift in Sources */ = {isa = PBXBuildFile; fileRef = 900AE22325978408002FF546 /* Request.swift */; };
		900AE22D2597842D002FF546 /* TestProtocol.swift in Sources */ = {isa = PBXBuildFile; fileRef = 900AE22C2597842D002FF546 /* TestProtocol.swift */; };
		900AE2472597844F002FF546 /* Tapul+.swift in Sources */ = {isa = PBXBuildFile; fileRef = 900AE2412597844F002FF546 /* Tapul+.swift */; };
		900AE2482597844F002FF546 /* Dictionary+.swift in Sources */ = {isa = PBXBuildFile; fileRef = 900AE2422597844F002FF546 /* Dictionary+.swift */; };
		900AE2492597844F002FF546 /* Apis.swift in Sources */ = {isa = PBXBuildFile; fileRef = 900AE2442597844F002FF546 /* Apis.swift */; };
		900AE24A2597844F002FF546 /* DemoApi.swift in Sources */ = {isa = PBXBuildFile; fileRef = 900AE2452597844F002FF546 /* DemoApi.swift */; };
		900AE24B2597844F002FF546 /* Tapul.swift in Sources */ = {isa = PBXBuildFile; fileRef = 900AE2462597844F002FF546 /* Tapul.swift */; };
		900AE25B2597845F002FF546 /* DetailViewController.swift in Sources */ = {isa = PBXBuildFile; fileRef = 900AE2562597845F002FF546 /* DetailViewController.swift */; };
		900AE25C2597845F002FF546 /* DetailViewModel.swift in Sources */ = {isa = PBXBuildFile; fileRef = 900AE2572597845F002FF546 /* DetailViewModel.swift */; };
		900AE25D2597845F002FF546 /* ViewController.swift in Sources */ = {isa = PBXBuildFile; fileRef = 900AE2592597845F002FF546 /* ViewController.swift */; };
		900AE25E2597845F002FF546 /* ViewModel.swift in Sources */ = {isa = PBXBuildFile; fileRef = 900AE25A2597845F002FF546 /* ViewModel.swift */; };
		900AE26625978489002FF546 /* Detail.storyboard in Resources */ = {isa = PBXBuildFile; fileRef = 900AE26525978489002FF546 /* Detail.storyboard */; };
		900AE26B259784A2002FF546 /* View.storyboard in Resources */ = {isa = PBXBuildFile; fileRef = 900AE26A259784A2002FF546 /* View.storyboard */; };
		900DA85425FBC38C0086C448 /* HttpMultipartTest.swift in Sources */ = {isa = PBXBuildFile; fileRef = 900DA85325FBC38C0086C448 /* HttpMultipartTest.swift */; };
		900DA85825FC972D0086C448 /* HttpURLTest.swift in Sources */ = {isa = PBXBuildFile; fileRef = 900DA85725FC972D0086C448 /* HttpURLTest.swift */; };
		908D69902598226E00BB3BB0 /* HttpSessionTests.swift in Sources */ = {isa = PBXBuildFile; fileRef = 908D698F2598226E00BB3BB0 /* HttpSessionTests.swift */; };
		90AC27FB25FA455100B6954D /* HttpHeaderTest.swift in Sources */ = {isa = PBXBuildFile; fileRef = 90AC27FA25FA455100B6954D /* HttpHeaderTest.swift */; };
		90AC27FF25FA4B4A00B6954D /* HttpParameterTest.swift in Sources */ = {isa = PBXBuildFile; fileRef = 90AC27FE25FA4B4A00B6954D /* HttpParameterTest.swift */; };
		90B37AA5260E2DBC0093E36E /* re.txt in Resources */ = {isa = PBXBuildFile; fileRef = 90B37AA4260E2DBC0093E36E /* re.txt */; };
		90D20A52260E3B6A007B42B9 /* Hello.txt in Resources */ = {isa = PBXBuildFile; fileRef = 90D20A51260E3B6A007B42B9 /* Hello.txt */; };
/* End PBXBuildFile section */

/* Begin PBXContainerItemProxy section */
		900AE1FA259783E4002FF546 /* PBXContainerItemProxy */ = {
			isa = PBXContainerItemProxy;
			containerPortal = 900AE1AB259783BE002FF546 /* Project object */;
			proxyType = 1;
			remoteGlobalIDString = 900AE1EF259783E4002FF546;
			remoteInfo = HttpSession;
		};
		900AE1FC259783E4002FF546 /* PBXContainerItemProxy */ = {
			isa = PBXContainerItemProxy;
			containerPortal = 900AE1AB259783BE002FF546 /* Project object */;
			proxyType = 1;
			remoteGlobalIDString = 900AE1B2259783BE002FF546;
			remoteInfo = HttpSessionSample;
		};
		900AE203259783E4002FF546 /* PBXContainerItemProxy */ = {
			isa = PBXContainerItemProxy;
			containerPortal = 900AE1AB259783BE002FF546 /* Project object */;
			proxyType = 1;
			remoteGlobalIDString = 900AE1EF259783E4002FF546;
			remoteInfo = HttpSession;
		};
/* End PBXContainerItemProxy section */

/* Begin PBXCopyFilesBuildPhase section */
		900AE20A259783E4002FF546 /* Embed Frameworks */ = {
			isa = PBXCopyFilesBuildPhase;
			buildActionMask = 2147483647;
			dstPath = "";
			dstSubfolderSpec = 10;
			files = (
				900AE206259783E4002FF546 /* HttpSession.framework in Embed Frameworks */,
			);
			name = "Embed Frameworks";
			runOnlyForDeploymentPostprocessing = 0;
		};
/* End PBXCopyFilesBuildPhase section */

/* Begin PBXFileReference section */
		9009DEC725EC98D2002DCE37 /* URLSessionManager.swift */ = {isa = PBXFileReference; lastKnownFileType = sourcecode.swift; path = URLSessionManager.swift; sourceTree = "<group>"; };
		900AE1B3259783BE002FF546 /* HttpSessionSample.app */ = {isa = PBXFileReference; explicitFileType = wrapper.application; includeInIndex = 0; path = HttpSessionSample.app; sourceTree = BUILT_PRODUCTS_DIR; };
		900AE1B6259783BE002FF546 /* AppDelegate.swift */ = {isa = PBXFileReference; lastKnownFileType = sourcecode.swift; path = AppDelegate.swift; sourceTree = "<group>"; };
		900AE1B8259783BE002FF546 /* SceneDelegate.swift */ = {isa = PBXFileReference; lastKnownFileType = sourcecode.swift; path = SceneDelegate.swift; sourceTree = "<group>"; };
		900AE1BF259783BE002FF546 /* Assets.xcassets */ = {isa = PBXFileReference; lastKnownFileType = folder.assetcatalog; path = Assets.xcassets; sourceTree = "<group>"; };
		900AE1C2259783BE002FF546 /* Base */ = {isa = PBXFileReference; lastKnownFileType = file.storyboard; name = Base; path = Base.lproj/LaunchScreen.storyboard; sourceTree = "<group>"; };
		900AE1C4259783BE002FF546 /* Info.plist */ = {isa = PBXFileReference; lastKnownFileType = text.plist.xml; path = Info.plist; sourceTree = "<group>"; };
		900AE1F0259783E4002FF546 /* HttpSession.framework */ = {isa = PBXFileReference; explicitFileType = wrapper.framework; includeInIndex = 0; path = HttpSession.framework; sourceTree = BUILT_PRODUCTS_DIR; };
		900AE1F2259783E4002FF546 /* HttpSession.h */ = {isa = PBXFileReference; lastKnownFileType = sourcecode.c.h; path = HttpSession.h; sourceTree = "<group>"; };
		900AE1F3259783E4002FF546 /* Info.plist */ = {isa = PBXFileReference; lastKnownFileType = text.plist.xml; path = Info.plist; sourceTree = "<group>"; };
		900AE1F8259783E4002FF546 /* HttpSessionTests.xctest */ = {isa = PBXFileReference; explicitFileType = wrapper.cfbundle; includeInIndex = 0; path = HttpSessionTests.xctest; sourceTree = BUILT_PRODUCTS_DIR; };
		900AE201259783E4002FF546 /* Info.plist */ = {isa = PBXFileReference; lastKnownFileType = text.plist.xml; path = Info.plist; sourceTree = "<group>"; };
		900AE211259783FC002FF546 /* HttpHeader.swift */ = {isa = PBXFileReference; fileEncoding = 4; lastKnownFileType = sourcecode.swift; path = HttpHeader.swift; sourceTree = "<group>"; };
		900AE212259783FC002FF546 /* Auth.swift */ = {isa = PBXFileReference; fileEncoding = 4; lastKnownFileType = sourcecode.swift; path = Auth.swift; sourceTree = "<group>"; };
		900AE213259783FC002FF546 /* Cookie.swift */ = {isa = PBXFileReference; fileEncoding = 4; lastKnownFileType = sourcecode.swift; path = Cookie.swift; sourceTree = "<group>"; };
		900AE214259783FC002FF546 /* Http.swift */ = {isa = PBXFileReference; fileEncoding = 4; lastKnownFileType = sourcecode.swift; path = Http.swift; sourceTree = "<group>"; };
		900AE215259783FC002FF546 /* ApiProtocol.swift */ = {isa = PBXFileReference; fileEncoding = 4; lastKnownFileType = sourcecode.swift; path = ApiProtocol.swift; sourceTree = "<group>"; };
		900AE217259783FC002FF546 /* URI.swift */ = {isa = PBXFileReference; fileEncoding = 4; lastKnownFileType = sourcecode.swift; path = URI.swift; sourceTree = "<group>"; };
		900AE22225978408002FF546 /* Multipart.swift */ = {isa = PBXFileReference; fileEncoding = 4; lastKnownFileType = sourcecode.swift; path = Multipart.swift; sourceTree = "<group>"; };
		900AE22325978408002FF546 /* Request.swift */ = {isa = PBXFileReference; fileEncoding = 4; lastKnownFileType = sourcecode.swift; path = Request.swift; sourceTree = "<group>"; };
		900AE22C2597842D002FF546 /* TestProtocol.swift */ = {isa = PBXFileReference; fileEncoding = 4; lastKnownFileType = sourcecode.swift; path = TestProtocol.swift; sourceTree = "<group>"; };
		900AE2412597844F002FF546 /* Tapul+.swift */ = {isa = PBXFileReference; fileEncoding = 4; lastKnownFileType = sourcecode.swift; path = "Tapul+.swift"; sourceTree = "<group>"; };
		900AE2422597844F002FF546 /* Dictionary+.swift */ = {isa = PBXFileReference; fileEncoding = 4; lastKnownFileType = sourcecode.swift; path = "Dictionary+.swift"; sourceTree = "<group>"; };
		900AE2442597844F002FF546 /* Apis.swift */ = {isa = PBXFileReference; fileEncoding = 4; lastKnownFileType = sourcecode.swift; path = Apis.swift; sourceTree = "<group>"; };
		900AE2452597844F002FF546 /* DemoApi.swift */ = {isa = PBXFileReference; fileEncoding = 4; lastKnownFileType = sourcecode.swift; path = DemoApi.swift; sourceTree = "<group>"; };
		900AE2462597844F002FF546 /* Tapul.swift */ = {isa = PBXFileReference; fileEncoding = 4; lastKnownFileType = sourcecode.swift; path = Tapul.swift; sourceTree = "<group>"; };
		900AE2562597845F002FF546 /* DetailViewController.swift */ = {isa = PBXFileReference; fileEncoding = 4; lastKnownFileType = sourcecode.swift; path = DetailViewController.swift; sourceTree = "<group>"; };
		900AE2572597845F002FF546 /* DetailViewModel.swift */ = {isa = PBXFileReference; fileEncoding = 4; lastKnownFileType = sourcecode.swift; path = DetailViewModel.swift; sourceTree = "<group>"; };
		900AE2592597845F002FF546 /* ViewController.swift */ = {isa = PBXFileReference; fileEncoding = 4; lastKnownFileType = sourcecode.swift; path = ViewController.swift; sourceTree = "<group>"; };
		900AE25A2597845F002FF546 /* ViewModel.swift */ = {isa = PBXFileReference; fileEncoding = 4; lastKnownFileType = sourcecode.swift; path = ViewModel.swift; sourceTree = "<group>"; };
		900AE26525978489002FF546 /* Detail.storyboard */ = {isa = PBXFileReference; lastKnownFileType = file.storyboard; path = Detail.storyboard; sourceTree = "<group>"; };
		900AE26A259784A2002FF546 /* View.storyboard */ = {isa = PBXFileReference; lastKnownFileType = file.storyboard; path = View.storyboard; sourceTree = "<group>"; };
		900DA85325FBC38C0086C448 /* HttpMultipartTest.swift */ = {isa = PBXFileReference; lastKnownFileType = sourcecode.swift; path = HttpMultipartTest.swift; sourceTree = "<group>"; };
		900DA85725FC972D0086C448 /* HttpURLTest.swift */ = {isa = PBXFileReference; lastKnownFileType = sourcecode.swift; path = HttpURLTest.swift; sourceTree = "<group>"; };
		908D698F2598226E00BB3BB0 /* HttpSessionTests.swift */ = {isa = PBXFileReference; fileEncoding = 4; lastKnownFileType = sourcecode.swift; path = HttpSessionTests.swift; sourceTree = "<group>"; };
		90AC27FA25FA455100B6954D /* HttpHeaderTest.swift */ = {isa = PBXFileReference; lastKnownFileType = sourcecode.swift; path = HttpHeaderTest.swift; sourceTree = "<group>"; };
		90AC27FE25FA4B4A00B6954D /* HttpParameterTest.swift */ = {isa = PBXFileReference; lastKnownFileType = sourcecode.swift; path = HttpParameterTest.swift; sourceTree = "<group>"; };
		90B37AA4260E2DBC0093E36E /* re.txt */ = {isa = PBXFileReference; fileEncoding = 4; lastKnownFileType = text; path = re.txt; sourceTree = "<group>"; };
		90D20A51260E3B6A007B42B9 /* Hello.txt */ = {isa = PBXFileReference; fileEncoding = 4; lastKnownFileType = text; path = Hello.txt; sourceTree = "<group>"; };
/* End PBXFileReference section */

/* Begin PBXFrameworksBuildPhase section */
		900AE1B0259783BE002FF546 /* Frameworks */ = {
			isa = PBXFrameworksBuildPhase;
			buildActionMask = 2147483647;
			files = (
				900AE205259783E4002FF546 /* HttpSession.framework in Frameworks */,
			);
			runOnlyForDeploymentPostprocessing = 0;
		};
		900AE1ED259783E4002FF546 /* Frameworks */ = {
			isa = PBXFrameworksBuildPhase;
			buildActionMask = 2147483647;
			files = (
			);
			runOnlyForDeploymentPostprocessing = 0;
		};
		900AE1F5259783E4002FF546 /* Frameworks */ = {
			isa = PBXFrameworksBuildPhase;
			buildActionMask = 2147483647;
			files = (
				900AE1F9259783E4002FF546 /* HttpSession.framework in Frameworks */,
			);
			runOnlyForDeploymentPostprocessing = 0;
		};
/* End PBXFrameworksBuildPhase section */

/* Begin PBXGroup section */
		900AE1AA259783BE002FF546 = {
			isa = PBXGroup;
			children = (
				900AE1B5259783BE002FF546 /* HttpSessionSample */,
				900AE1F1259783E4002FF546 /* HttpSession */,
				900AE1FE259783E4002FF546 /* HttpSessionTests */,
				900AE1B4259783BE002FF546 /* Products */,
			);
			sourceTree = "<group>";
		};
		900AE1B4259783BE002FF546 /* Products */ = {
			isa = PBXGroup;
			children = (
				900AE1B3259783BE002FF546 /* HttpSessionSample.app */,
				900AE1F0259783E4002FF546 /* HttpSession.framework */,
				900AE1F8259783E4002FF546 /* HttpSessionTests.xctest */,
			);
			name = Products;
			sourceTree = "<group>";
		};
		900AE1B5259783BE002FF546 /* HttpSessionSample */ = {
			isa = PBXGroup;
			children = (
				900AE23F2597844F002FF546 /* Model */,
				900AE1B6259783BE002FF546 /* AppDelegate.swift */,
				900AE1B8259783BE002FF546 /* SceneDelegate.swift */,
				90D20A51260E3B6A007B42B9 /* Hello.txt */,
				900AE1BF259783BE002FF546 /* Assets.xcassets */,
				900AE1C1259783BE002FF546 /* LaunchScreen.storyboard */,
				900AE2542597845F002FF546 /* ViewController */,
				900AE1C4259783BE002FF546 /* Info.plist */,
			);
			path = HttpSessionSample;
			sourceTree = "<group>";
		};
		900AE1F1259783E4002FF546 /* HttpSession */ = {
			isa = PBXGroup;
			children = (
				900AE215259783FC002FF546 /* ApiProtocol.swift */,
				900AE212259783FC002FF546 /* Auth.swift */,
				900AE213259783FC002FF546 /* Cookie.swift */,
				900AE216259783FC002FF546 /* Encode */,
				900AE214259783FC002FF546 /* Http.swift */,
				900AE211259783FC002FF546 /* HttpHeader.swift */,
				900AE1F2259783E4002FF546 /* HttpSession.h */,
				900AE1F3259783E4002FF546 /* Info.plist */,
				900AE22125978408002FF546 /* Multipart */,
				900AE22325978408002FF546 /* Request.swift */,
				9009DEC725EC98D2002DCE37 /* URLSessionManager.swift */,
			);
			path = HttpSession;
			sourceTree = "<group>";
		};
		900AE1FE259783E4002FF546 /* HttpSessionTests */ = {
			isa = PBXGroup;
			children = (
				908D698F2598226E00BB3BB0 /* HttpSessionTests.swift */,
				900AE22C2597842D002FF546 /* TestProtocol.swift */,
				900AE201259783E4002FF546 /* Info.plist */,
				90AC27FA25FA455100B6954D /* HttpHeaderTest.swift */,
				90AC27FE25FA4B4A00B6954D /* HttpParameterTest.swift */,
				900DA85325FBC38C0086C448 /* HttpMultipartTest.swift */,
				900DA85725FC972D0086C448 /* HttpURLTest.swift */,
			);
			path = HttpSessionTests;
			sourceTree = "<group>";
		};
		900AE216259783FC002FF546 /* Encode */ = {
			isa = PBXGroup;
			children = (
				900AE217259783FC002FF546 /* URI.swift */,
			);
			path = Encode;
			sourceTree = "<group>";
		};
		900AE22125978408002FF546 /* Multipart */ = {
			isa = PBXGroup;
			children = (
				900AE22225978408002FF546 /* Multipart.swift */,
			);
			path = Multipart;
			sourceTree = "<group>";
		};
		900AE23F2597844F002FF546 /* Model */ = {
			isa = PBXGroup;
			children = (
				90B37AA4260E2DBC0093E36E /* re.txt */,
				900AE2402597844F002FF546 /* Extension */,
				900AE2432597844F002FF546 /* Store */,
			);
			path = Model;
			sourceTree = "<group>";
		};
		900AE2402597844F002FF546 /* Extension */ = {
			isa = PBXGroup;
			children = (
				900AE2412597844F002FF546 /* Tapul+.swift */,
				900AE2422597844F002FF546 /* Dictionary+.swift */,
			);
			path = Extension;
			sourceTree = "<group>";
		};
		900AE2432597844F002FF546 /* Store */ = {
			isa = PBXGroup;
			children = (
				900AE2442597844F002FF546 /* Apis.swift */,
				900AE2452597844F002FF546 /* DemoApi.swift */,
				900AE2462597844F002FF546 /* Tapul.swift */,
			);
			path = Store;
			sourceTree = "<group>";
		};
		900AE2542597845F002FF546 /* ViewController */ = {
			isa = PBXGroup;
			children = (
				900AE2552597845F002FF546 /* Detail */,
				900AE2582597845F002FF546 /* View */,
			);
			path = ViewController;
			sourceTree = "<group>";
		};
		900AE2552597845F002FF546 /* Detail */ = {
			isa = PBXGroup;
			children = (
				900AE2562597845F002FF546 /* DetailViewController.swift */,
				900AE2572597845F002FF546 /* DetailViewModel.swift */,
				900AE26525978489002FF546 /* Detail.storyboard */,
			);
			path = Detail;
			sourceTree = "<group>";
		};
		900AE2582597845F002FF546 /* View */ = {
			isa = PBXGroup;
			children = (
				900AE2592597845F002FF546 /* ViewController.swift */,
				900AE25A2597845F002FF546 /* ViewModel.swift */,
				900AE26A259784A2002FF546 /* View.storyboard */,
			);
			path = View;
			sourceTree = "<group>";
		};
/* End PBXGroup section */

/* Begin PBXHeadersBuildPhase section */
		900AE1EB259783E4002FF546 /* Headers */ = {
			isa = PBXHeadersBuildPhase;
			buildActionMask = 2147483647;
			files = (
				900AE202259783E4002FF546 /* HttpSession.h in Headers */,
			);
			runOnlyForDeploymentPostprocessing = 0;
		};
/* End PBXHeadersBuildPhase section */

/* Begin PBXNativeTarget section */
		900AE1B2259783BE002FF546 /* HttpSessionSample */ = {
			isa = PBXNativeTarget;
			buildConfigurationList = 900AE1DD259783BE002FF546 /* Build configuration list for PBXNativeTarget "HttpSessionSample" */;
			buildPhases = (
				900AE1AF259783BE002FF546 /* Sources */,
				900AE1B0259783BE002FF546 /* Frameworks */,
				900AE1B1259783BE002FF546 /* Resources */,
				900AE20A259783E4002FF546 /* Embed Frameworks */,
			);
			buildRules = (
			);
			dependencies = (
				900AE204259783E4002FF546 /* PBXTargetDependency */,
			);
			name = HttpSessionSample;
			productName = HttpSessionSample;
			productReference = 900AE1B3259783BE002FF546 /* HttpSessionSample.app */;
			productType = "com.apple.product-type.application";
		};
		900AE1EF259783E4002FF546 /* HttpSession */ = {
			isa = PBXNativeTarget;
			buildConfigurationList = 900AE207259783E4002FF546 /* Build configuration list for PBXNativeTarget "HttpSession" */;
			buildPhases = (
				900AE1EB259783E4002FF546 /* Headers */,
				900AE1EC259783E4002FF546 /* Sources */,
				900AE1ED259783E4002FF546 /* Frameworks */,
				900AE1EE259783E4002FF546 /* Resources */,
			);
			buildRules = (
			);
			dependencies = (
			);
			name = HttpSession;
			productName = HttpSession;
			productReference = 900AE1F0259783E4002FF546 /* HttpSession.framework */;
			productType = "com.apple.product-type.framework";
		};
		900AE1F7259783E4002FF546 /* HttpSessionTests */ = {
			isa = PBXNativeTarget;
			buildConfigurationList = 900AE20B259783E4002FF546 /* Build configuration list for PBXNativeTarget "HttpSessionTests" */;
			buildPhases = (
				900AE1F4259783E4002FF546 /* Sources */,
				900AE1F5259783E4002FF546 /* Frameworks */,
				900AE1F6259783E4002FF546 /* Resources */,
			);
			buildRules = (
			);
			dependencies = (
				900AE1FB259783E4002FF546 /* PBXTargetDependency */,
				900AE1FD259783E4002FF546 /* PBXTargetDependency */,
			);
			name = HttpSessionTests;
			productName = HttpSessionTests;
			productReference = 900AE1F8259783E4002FF546 /* HttpSessionTests.xctest */;
			productType = "com.apple.product-type.bundle.unit-test";
		};
/* End PBXNativeTarget section */

/* Begin PBXProject section */
		900AE1AB259783BE002FF546 /* Project object */ = {
			isa = PBXProject;
			attributes = {
				LastSwiftUpdateCheck = 1220;
				LastUpgradeCheck = 1220;
				TargetAttributes = {
					900AE1B2259783BE002FF546 = {
						CreatedOnToolsVersion = 12.2;
					};
					900AE1EF259783E4002FF546 = {
						CreatedOnToolsVersion = 12.2;
						LastSwiftMigration = 1220;
					};
					900AE1F7259783E4002FF546 = {
						CreatedOnToolsVersion = 12.2;
						TestTargetID = 900AE1B2259783BE002FF546;
					};
				};
			};
			buildConfigurationList = 900AE1AE259783BE002FF546 /* Build configuration list for PBXProject "HttpSessionSample" */;
			compatibilityVersion = "Xcode 9.3";
			developmentRegion = en;
			hasScannedForEncodings = 0;
			knownRegions = (
				en,
				Base,
			);
			mainGroup = 900AE1AA259783BE002FF546;
			productRefGroup = 900AE1B4259783BE002FF546 /* Products */;
			projectDirPath = "";
			projectRoot = "";
			targets = (
				900AE1B2259783BE002FF546 /* HttpSessionSample */,
				900AE1EF259783E4002FF546 /* HttpSession */,
				900AE1F7259783E4002FF546 /* HttpSessionTests */,
			);
		};
/* End PBXProject section */

/* Begin PBXResourcesBuildPhase section */
		900AE1B1259783BE002FF546 /* Resources */ = {
			isa = PBXResourcesBuildPhase;
			buildActionMask = 2147483647;
			files = (
				90B37AA5260E2DBC0093E36E /* re.txt in Resources */,
				900AE1C3259783BE002FF546 /* LaunchScreen.storyboard in Resources */,
				900AE26B259784A2002FF546 /* View.storyboard in Resources */,
				90D20A52260E3B6A007B42B9 /* Hello.txt in Resources */,
				900AE1C0259783BE002FF546 /* Assets.xcassets in Resources */,
				900AE26625978489002FF546 /* Detail.storyboard in Resources */,
			);
			runOnlyForDeploymentPostprocessing = 0;
		};
		900AE1EE259783E4002FF546 /* Resources */ = {
			isa = PBXResourcesBuildPhase;
			buildActionMask = 2147483647;
			files = (
			);
			runOnlyForDeploymentPostprocessing = 0;
		};
		900AE1F6259783E4002FF546 /* Resources */ = {
			isa = PBXResourcesBuildPhase;
			buildActionMask = 2147483647;
			files = (
			);
			runOnlyForDeploymentPostprocessing = 0;
		};
/* End PBXResourcesBuildPhase section */

/* Begin PBXSourcesBuildPhase section */
		900AE1AF259783BE002FF546 /* Sources */ = {
			isa = PBXSourcesBuildPhase;
			buildActionMask = 2147483647;
			files = (
				900AE25B2597845F002FF546 /* DetailViewController.swift in Sources */,
				900AE2492597844F002FF546 /* Apis.swift in Sources */,
				900AE2472597844F002FF546 /* Tapul+.swift in Sources */,
				900AE25C2597845F002FF546 /* DetailViewModel.swift in Sources */,
				900AE25D2597845F002FF546 /* ViewController.swift in Sources */,
				900AE2482597844F002FF546 /* Dictionary+.swift in Sources */,
				900AE24B2597844F002FF546 /* Tapul.swift in Sources */,
				900AE1B7259783BE002FF546 /* AppDelegate.swift in Sources */,
				900AE1B9259783BE002FF546 /* SceneDelegate.swift in Sources */,
				900AE25E2597845F002FF546 /* ViewModel.swift in Sources */,
				900AE24A2597844F002FF546 /* DemoApi.swift in Sources */,
			);
			runOnlyForDeploymentPostprocessing = 0;
		};
		900AE1EC259783E4002FF546 /* Sources */ = {
			isa = PBXSourcesBuildPhase;
			buildActionMask = 2147483647;
			files = (
				9009DEC825EC98D2002DCE37 /* URLSessionManager.swift in Sources */,
				900AE218259783FC002FF546 /* HttpHeader.swift in Sources */,
				900AE22525978408002FF546 /* Request.swift in Sources */,
				900AE21B259783FC002FF546 /* Http.swift in Sources */,
				900AE22425978408002FF546 /* Multipart.swift in Sources */,
				900AE21D259783FC002FF546 /* URI.swift in Sources */,
				900AE21C259783FC002FF546 /* ApiProtocol.swift in Sources */,
				900AE21A259783FC002FF546 /* Cookie.swift in Sources */,
				900AE219259783FC002FF546 /* Auth.swift in Sources */,
			);
			runOnlyForDeploymentPostprocessing = 0;
		};
		900AE1F4259783E4002FF546 /* Sources */ = {
			isa = PBXSourcesBuildPhase;
			buildActionMask = 2147483647;
			files = (
				900DA85425FBC38C0086C448 /* HttpMultipartTest.swift in Sources */,
				908D69902598226E00BB3BB0 /* HttpSessionTests.swift in Sources */,
				900AE22D2597842D002FF546 /* TestProtocol.swift in Sources */,
				900DA85825FC972D0086C448 /* HttpURLTest.swift in Sources */,
				90AC27FB25FA455100B6954D /* HttpHeaderTest.swift in Sources */,
				90AC27FF25FA4B4A00B6954D /* HttpParameterTest.swift in Sources */,
			);
			runOnlyForDeploymentPostprocessing = 0;
		};
/* End PBXSourcesBuildPhase section */

/* Begin PBXTargetDependency section */
		900AE1FB259783E4002FF546 /* PBXTargetDependency */ = {
			isa = PBXTargetDependency;
			target = 900AE1EF259783E4002FF546 /* HttpSession */;
			targetProxy = 900AE1FA259783E4002FF546 /* PBXContainerItemProxy */;
		};
		900AE1FD259783E4002FF546 /* PBXTargetDependency */ = {
			isa = PBXTargetDependency;
			target = 900AE1B2259783BE002FF546 /* HttpSessionSample */;
			targetProxy = 900AE1FC259783E4002FF546 /* PBXContainerItemProxy */;
		};
		900AE204259783E4002FF546 /* PBXTargetDependency */ = {
			isa = PBXTargetDependency;
			target = 900AE1EF259783E4002FF546 /* HttpSession */;
			targetProxy = 900AE203259783E4002FF546 /* PBXContainerItemProxy */;
		};
/* End PBXTargetDependency section */

/* Begin PBXVariantGroup section */
		900AE1C1259783BE002FF546 /* LaunchScreen.storyboard */ = {
			isa = PBXVariantGroup;
			children = (
				900AE1C2259783BE002FF546 /* Base */,
			);
			name = LaunchScreen.storyboard;
			sourceTree = "<group>";
		};
/* End PBXVariantGroup section */

/* Begin XCBuildConfiguration section */
		900AE1DB259783BE002FF546 /* Debug */ = {
			isa = XCBuildConfiguration;
			buildSettings = {
				ALWAYS_SEARCH_USER_PATHS = NO;
				CLANG_ANALYZER_NONNULL = YES;
				CLANG_ANALYZER_NUMBER_OBJECT_CONVERSION = YES_AGGRESSIVE;
				CLANG_CXX_LANGUAGE_STANDARD = "gnu++14";
				CLANG_CXX_LIBRARY = "libc++";
				CLANG_ENABLE_MODULES = YES;
				CLANG_ENABLE_OBJC_ARC = YES;
				CLANG_ENABLE_OBJC_WEAK = YES;
				CLANG_WARN_BLOCK_CAPTURE_AUTORELEASING = YES;
				CLANG_WARN_BOOL_CONVERSION = YES;
				CLANG_WARN_COMMA = YES;
				CLANG_WARN_CONSTANT_CONVERSION = YES;
				CLANG_WARN_DEPRECATED_OBJC_IMPLEMENTATIONS = YES;
				CLANG_WARN_DIRECT_OBJC_ISA_USAGE = YES_ERROR;
				CLANG_WARN_DOCUMENTATION_COMMENTS = YES;
				CLANG_WARN_EMPTY_BODY = YES;
				CLANG_WARN_ENUM_CONVERSION = YES;
				CLANG_WARN_INFINITE_RECURSION = YES;
				CLANG_WARN_INT_CONVERSION = YES;
				CLANG_WARN_NON_LITERAL_NULL_CONVERSION = YES;
				CLANG_WARN_OBJC_IMPLICIT_RETAIN_SELF = YES;
				CLANG_WARN_OBJC_LITERAL_CONVERSION = YES;
				CLANG_WARN_OBJC_ROOT_CLASS = YES_ERROR;
				CLANG_WARN_QUOTED_INCLUDE_IN_FRAMEWORK_HEADER = YES;
				CLANG_WARN_RANGE_LOOP_ANALYSIS = YES;
				CLANG_WARN_STRICT_PROTOTYPES = YES;
				CLANG_WARN_SUSPICIOUS_MOVE = YES;
				CLANG_WARN_UNGUARDED_AVAILABILITY = YES_AGGRESSIVE;
				CLANG_WARN_UNREACHABLE_CODE = YES;
				CLANG_WARN__DUPLICATE_METHOD_MATCH = YES;
				COPY_PHASE_STRIP = NO;
				DEBUG_INFORMATION_FORMAT = dwarf;
				ENABLE_STRICT_OBJC_MSGSEND = YES;
				ENABLE_TESTABILITY = YES;
				EXCLUDED_ARCHS = "";
				"EXCLUDED_ARCHS[sdk=iphonesimulator*]" = arm64;
				GCC_C_LANGUAGE_STANDARD = gnu11;
				GCC_DYNAMIC_NO_PIC = NO;
				GCC_NO_COMMON_BLOCKS = YES;
				GCC_OPTIMIZATION_LEVEL = 0;
				GCC_PREPROCESSOR_DEFINITIONS = (
					"DEBUG=1",
					"$(inherited)",
				);
				GCC_WARN_64_TO_32_BIT_CONVERSION = YES;
				GCC_WARN_ABOUT_RETURN_TYPE = YES_ERROR;
				GCC_WARN_UNDECLARED_SELECTOR = YES;
				GCC_WARN_UNINITIALIZED_AUTOS = YES_AGGRESSIVE;
				GCC_WARN_UNUSED_FUNCTION = YES;
				GCC_WARN_UNUSED_VARIABLE = YES;
				IPHONEOS_DEPLOYMENT_TARGET = 14.2;
				MTL_ENABLE_DEBUG_INFO = INCLUDE_SOURCE;
				MTL_FAST_MATH = YES;
				ONLY_ACTIVE_ARCH = YES;
				SDKROOT = iphoneos;
				SWIFT_ACTIVE_COMPILATION_CONDITIONS = DEBUG;
				SWIFT_OPTIMIZATION_LEVEL = "-Onone";
			};
			name = Debug;
		};
		900AE1DC259783BE002FF546 /* Release */ = {
			isa = XCBuildConfiguration;
			buildSettings = {
				ALWAYS_SEARCH_USER_PATHS = NO;
				CLANG_ANALYZER_NONNULL = YES;
				CLANG_ANALYZER_NUMBER_OBJECT_CONVERSION = YES_AGGRESSIVE;
				CLANG_CXX_LANGUAGE_STANDARD = "gnu++14";
				CLANG_CXX_LIBRARY = "libc++";
				CLANG_ENABLE_MODULES = YES;
				CLANG_ENABLE_OBJC_ARC = YES;
				CLANG_ENABLE_OBJC_WEAK = YES;
				CLANG_WARN_BLOCK_CAPTURE_AUTORELEASING = YES;
				CLANG_WARN_BOOL_CONVERSION = YES;
				CLANG_WARN_COMMA = YES;
				CLANG_WARN_CONSTANT_CONVERSION = YES;
				CLANG_WARN_DEPRECATED_OBJC_IMPLEMENTATIONS = YES;
				CLANG_WARN_DIRECT_OBJC_ISA_USAGE = YES_ERROR;
				CLANG_WARN_DOCUMENTATION_COMMENTS = YES;
				CLANG_WARN_EMPTY_BODY = YES;
				CLANG_WARN_ENUM_CONVERSION = YES;
				CLANG_WARN_INFINITE_RECURSION = YES;
				CLANG_WARN_INT_CONVERSION = YES;
				CLANG_WARN_NON_LITERAL_NULL_CONVERSION = YES;
				CLANG_WARN_OBJC_IMPLICIT_RETAIN_SELF = YES;
				CLANG_WARN_OBJC_LITERAL_CONVERSION = YES;
				CLANG_WARN_OBJC_ROOT_CLASS = YES_ERROR;
				CLANG_WARN_QUOTED_INCLUDE_IN_FRAMEWORK_HEADER = YES;
				CLANG_WARN_RANGE_LOOP_ANALYSIS = YES;
				CLANG_WARN_STRICT_PROTOTYPES = YES;
				CLANG_WARN_SUSPICIOUS_MOVE = YES;
				CLANG_WARN_UNGUARDED_AVAILABILITY = YES_AGGRESSIVE;
				CLANG_WARN_UNREACHABLE_CODE = YES;
				CLANG_WARN__DUPLICATE_METHOD_MATCH = YES;
				COPY_PHASE_STRIP = NO;
				DEBUG_INFORMATION_FORMAT = "dwarf-with-dsym";
				ENABLE_NS_ASSERTIONS = NO;
				ENABLE_STRICT_OBJC_MSGSEND = YES;
				EXCLUDED_ARCHS = "";
				"EXCLUDED_ARCHS[sdk=iphonesimulator*]" = arm64;
				GCC_C_LANGUAGE_STANDARD = gnu11;
				GCC_NO_COMMON_BLOCKS = YES;
				GCC_WARN_64_TO_32_BIT_CONVERSION = YES;
				GCC_WARN_ABOUT_RETURN_TYPE = YES_ERROR;
				GCC_WARN_UNDECLARED_SELECTOR = YES;
				GCC_WARN_UNINITIALIZED_AUTOS = YES_AGGRESSIVE;
				GCC_WARN_UNUSED_FUNCTION = YES;
				GCC_WARN_UNUSED_VARIABLE = YES;
				IPHONEOS_DEPLOYMENT_TARGET = 14.2;
				MTL_ENABLE_DEBUG_INFO = NO;
				MTL_FAST_MATH = YES;
				SDKROOT = iphoneos;
				SWIFT_COMPILATION_MODE = wholemodule;
				SWIFT_OPTIMIZATION_LEVEL = "-O";
				VALIDATE_PRODUCT = YES;
			};
			name = Release;
		};
		900AE1DE259783BE002FF546 /* Debug */ = {
			isa = XCBuildConfiguration;
			buildSettings = {
				ALWAYS_EMBED_SWIFT_STANDARD_LIBRARIES = YES;
				ASSETCATALOG_COMPILER_APPICON_NAME = AppIcon;
				ASSETCATALOG_COMPILER_GLOBAL_ACCENT_COLOR_NAME = AccentColor;
				CODE_SIGN_STYLE = Automatic;
				DEVELOPMENT_TEAM = D3DW67HS9F;
				INFOPLIST_FILE = HttpSessionSample/Info.plist;
				LD_RUNPATH_SEARCH_PATHS = (
					"$(inherited)",
					"@executable_path/Frameworks",
				);
				MARKETING_VERSION = 1.1.0;
				PRODUCT_BUNDLE_IDENTIFIER = com.shichimitoucarashi.com.HttpSessionSample;
				PRODUCT_NAME = "$(TARGET_NAME)";
				SWIFT_VERSION = 5.0;
				TARGETED_DEVICE_FAMILY = "1,2";
			};
			name = Debug;
		};
		900AE1DF259783BE002FF546 /* Release */ = {
			isa = XCBuildConfiguration;
			buildSettings = {
				ALWAYS_EMBED_SWIFT_STANDARD_LIBRARIES = YES;
				ASSETCATALOG_COMPILER_APPICON_NAME = AppIcon;
				ASSETCATALOG_COMPILER_GLOBAL_ACCENT_COLOR_NAME = AccentColor;
				CODE_SIGN_STYLE = Automatic;
				DEVELOPMENT_TEAM = D3DW67HS9F;
				INFOPLIST_FILE = HttpSessionSample/Info.plist;
				LD_RUNPATH_SEARCH_PATHS = (
					"$(inherited)",
					"@executable_path/Frameworks",
				);
				MARKETING_VERSION = 1.1.0;
				PRODUCT_BUNDLE_IDENTIFIER = com.shichimitoucarashi.com.HttpSessionSample;
				PRODUCT_NAME = "$(TARGET_NAME)";
				SWIFT_VERSION = 5.0;
				TARGETED_DEVICE_FAMILY = "1,2";
			};
			name = Release;
		};
		900AE208259783E4002FF546 /* Debug */ = {
			isa = XCBuildConfiguration;
			buildSettings = {
				CLANG_ENABLE_MODULES = YES;
				CODE_SIGN_STYLE = Automatic;
				CURRENT_PROJECT_VERSION = 1;
				DEFINES_MODULE = YES;
				DEVELOPMENT_TEAM = D3DW67HS9F;
				DYLIB_COMPATIBILITY_VERSION = 1;
				DYLIB_CURRENT_VERSION = 1;
				DYLIB_INSTALL_NAME_BASE = "@rpath";
				EXCLUDED_ARCHS = "";
				"EXCLUDED_ARCHS[sdk=iphonesimulator*]" = arm64;
				INFOPLIST_FILE = HttpSession/Info.plist;
				INSTALL_PATH = "$(LOCAL_LIBRARY_DIR)/Frameworks";
				IPHONEOS_DEPLOYMENT_TARGET = 11.0;
				LD_RUNPATH_SEARCH_PATHS = (
					"$(inherited)",
					"@executable_path/Frameworks",
					"@loader_path/Frameworks",
				);
				MARKETING_VERSION = 1.9.0;
				ONLY_ACTIVE_ARCH = NO;
				PRODUCT_BUNDLE_IDENTIFIER = com.shichimitoucarashi.com.HttpSession;
				PRODUCT_NAME = "$(TARGET_NAME:c99extidentifier)";
				SKIP_INSTALL = YES;
				SWIFT_OPTIMIZATION_LEVEL = "-Onone";
				SWIFT_VERSION = 5.0;
				TARGETED_DEVICE_FAMILY = "1,2";
				VERSIONING_SYSTEM = "apple-generic";
				VERSION_INFO_PREFIX = "";
			};
			name = Debug;
		};
		900AE209259783E4002FF546 /* Release */ = {
			isa = XCBuildConfiguration;
			buildSettings = {
				CLANG_ENABLE_MODULES = YES;
				CODE_SIGN_STYLE = Automatic;
				CURRENT_PROJECT_VERSION = 1;
				DEFINES_MODULE = YES;
				DEVELOPMENT_TEAM = D3DW67HS9F;
				DYLIB_COMPATIBILITY_VERSION = 1;
				DYLIB_CURRENT_VERSION = 1;
				DYLIB_INSTALL_NAME_BASE = "@rpath";
				EXCLUDED_ARCHS = "";
				"EXCLUDED_ARCHS[sdk=iphonesimulator*]" = arm64;
				INFOPLIST_FILE = HttpSession/Info.plist;
				INSTALL_PATH = "$(LOCAL_LIBRARY_DIR)/Frameworks";
				IPHONEOS_DEPLOYMENT_TARGET = 11.0;
				LD_RUNPATH_SEARCH_PATHS = (
					"$(inherited)",
					"@executable_path/Frameworks",
					"@loader_path/Frameworks",
				);
				MARKETING_VERSION = 1.9.0;
				PRODUCT_BUNDLE_IDENTIFIER = com.shichimitoucarashi.com.HttpSession;
				PRODUCT_NAME = "$(TARGET_NAME:c99extidentifier)";
				SKIP_INSTALL = YES;
				SWIFT_VERSION = 5.0;
				TARGETED_DEVICE_FAMILY = "1,2";
				VERSIONING_SYSTEM = "apple-generic";
				VERSION_INFO_PREFIX = "";
			};
			name = Release;
		};
		900AE20C259783E4002FF546 /* Debug */ = {
			isa = XCBuildConfiguration;
			buildSettings = {
				ALWAYS_EMBED_SWIFT_STANDARD_LIBRARIES = YES;
				CODE_SIGN_STYLE = Automatic;
				DEVELOPMENT_TEAM = D3DW67HS9F;
				INFOPLIST_FILE = HttpSessionTests/Info.plist;
				LD_RUNPATH_SEARCH_PATHS = (
					"$(inherited)",
					"@executable_path/Frameworks",
					"@loader_path/Frameworks",
				);
				PRODUCT_BUNDLE_IDENTIFIER = com.shichimitoucarashi.com.HttpSessionTests;
				PRODUCT_NAME = "$(TARGET_NAME)";
				SWIFT_VERSION = 5.0;
				TARGETED_DEVICE_FAMILY = "1,2";
				TEST_HOST = "$(BUILT_PRODUCTS_DIR)/HttpSessionSample.app/HttpSessionSample";
			};
			name = Debug;
		};
		900AE20D259783E4002FF546 /* Release */ = {
			isa = XCBuildConfiguration;
			buildSettings = {
				ALWAYS_EMBED_SWIFT_STANDARD_LIBRARIES = YES;
				CODE_SIGN_STYLE = Automatic;
				DEVELOPMENT_TEAM = D3DW67HS9F;
				INFOPLIST_FILE = HttpSessionTests/Info.plist;
				LD_RUNPATH_SEARCH_PATHS = (
					"$(inherited)",
					"@executable_path/Frameworks",
					"@loader_path/Frameworks",
				);
				PRODUCT_BUNDLE_IDENTIFIER = com.shichimitoucarashi.com.HttpSessionTests;
				PRODUCT_NAME = "$(TARGET_NAME)";
				SWIFT_VERSION = 5.0;
				TARGETED_DEVICE_FAMILY = "1,2";
				TEST_HOST = "$(BUILT_PRODUCTS_DIR)/HttpSessionSample.app/HttpSessionSample";
			};
			name = Release;
		};
/* End XCBuildConfiguration section */

/* Begin XCConfigurationList section */
		900AE1AE259783BE002FF546 /* Build configuration list for PBXProject "HttpSessionSample" */ = {
			isa = XCConfigurationList;
			buildConfigurations = (
				900AE1DB259783BE002FF546 /* Debug */,
				900AE1DC259783BE002FF546 /* Release */,
			);
			defaultConfigurationIsVisible = 0;
			defaultConfigurationName = Release;
		};
		900AE1DD259783BE002FF546 /* Build configuration list for PBXNativeTarget "HttpSessionSample" */ = {
			isa = XCConfigurationList;
			buildConfigurations = (
				900AE1DE259783BE002FF546 /* Debug */,
				900AE1DF259783BE002FF546 /* Release */,
			);
			defaultConfigurationIsVisible = 0;
			defaultConfigurationName = Release;
		};
		900AE207259783E4002FF546 /* Build configuration list for PBXNativeTarget "HttpSession" */ = {
			isa = XCConfigurationList;
			buildConfigurations = (
				900AE208259783E4002FF546 /* Debug */,
				900AE209259783E4002FF546 /* Release */,
			);
			defaultConfigurationIsVisible = 0;
			defaultConfigurationName = Release;
		};
		900AE20B259783E4002FF546 /* Build configuration list for PBXNativeTarget "HttpSessionTests" */ = {
			isa = XCConfigurationList;
			buildConfigurations = (
				900AE20C259783E4002FF546 /* Debug */,
				900AE20D259783E4002FF546 /* Release */,
			);
			defaultConfigurationIsVisible = 0;
			defaultConfigurationName = Release;
		};
/* End XCConfigurationList section */
	};
	rootObject = 900AE1AB259783BE002FF546 /* Project object */;
}
